
Microsoft Visual Studio Solution File, Format Version 12.00
# Visual Studio Version 16
VisualStudioVersion = 16.0.29728.190
MinimumVisualStudioVersion = 10.0.40219.1
Project("{FAE04EC0-301F-11D3-BF4B-00C04F79EFBC}") = "PatronEstrategia", "PatronEstrategia\PatronEstrategia.csproj", "{5071CA67-8B97-47BD-B644-CEF26F029AE3}"
EndProject
Global
	GlobalSection(SolutionConfigurationPlatforms) = preSolution
		Debug|Any CPU = Debug|Any CPU
		Release|Any CPU = Release|Any CPU
	EndGlobalSection
	GlobalSection(ProjectConfigurationPlatforms) = postSolution
		{5071CA67-8B97-47BD-B644-CEF26F029AE3}.Debug|Any CPU.ActiveCfg = Debug|Any CPU
		{5071CA67-8B97-47BD-B644-CEF26F029AE3}.Debug|Any CPU.Build.0 = Debug|Any CPU
		{5071CA67-8B97-47BD-B644-CEF26F029AE3}.Release|Any CPU.ActiveCfg = Release|Any CPU
		{5071CA67-8B97-47BD-B644-CEF26F029AE3}.Release|Any CPU.Build.0 = Release|Any CPU
	EndGlobalSection
	GlobalSection(SolutionProperties) = preSolution
		HideSolutionNode = FALSE
	EndGlobalSection
	GlobalSection(ExtensibilityGlobals) = postSolution
		SolutionGuid = {C530478B-1865-4F0C-A763-F1733D6EAA80}
	EndGlobalSection
EndGlobal
