
Microsoft Visual Studio Solution File, Format Version 12.00
# Visual Studio Version 16
VisualStudioVersion = 16.0.29728.190
MinimumVisualStudioVersion = 10.0.40219.1
Project("{FAE04EC0-301F-11D3-BF4B-00C04F79EFBC}") = "PatronDecorador", "PatronDecorador\PatronDecorador.csproj", "{BA7BCE71-FA47-442F-9AAF-3554982FD8BB}"
EndProject
Global
	GlobalSection(SolutionConfigurationPlatforms) = preSolution
		Debug|Any CPU = Debug|Any CPU
		Release|Any CPU = Release|Any CPU
	EndGlobalSection
	GlobalSection(ProjectConfigurationPlatforms) = postSolution
		{BA7BCE71-FA47-442F-9AAF-3554982FD8BB}.Debug|Any CPU.ActiveCfg = Debug|Any CPU
		{BA7BCE71-FA47-442F-9AAF-3554982FD8BB}.Debug|Any CPU.Build.0 = Debug|Any CPU
		{BA7BCE71-FA47-442F-9AAF-3554982FD8BB}.Release|Any CPU.ActiveCfg = Release|Any CPU
		{BA7BCE71-FA47-442F-9AAF-3554982FD8BB}.Release|Any CPU.Build.0 = Release|Any CPU
	EndGlobalSection
	GlobalSection(SolutionProperties) = preSolution
		HideSolutionNode = FALSE
	EndGlobalSection
	GlobalSection(ExtensibilityGlobals) = postSolution
		SolutionGuid = {7F408A71-5A55-4BB0-84D1-BF323963AF0E}
	EndGlobalSection
EndGlobal
